
Microsoft Visual Studio Solution File, Format Version 11.00
# Visual Studio 2010
Project("{FAE04EC0-301F-11D3-BF4B-00C04F79EFBC}") = "Watermark", "Watermark.csproj", "{B707C9F1-1846-4009-9A85-C00822AB7018}"
EndProject
Global
	GlobalSection(SolutionConfigurationPlatforms) = preSolution
		Debug|Any CPU = Debug|Any CPU
		Release|Any CPU = Release|Any CPU
	EndGlobalSection
	GlobalSection(ProjectConfigurationPlatforms) = postSolution
		{B707C9F1-1846-4009-9A85-C00822AB7018}.Debug|Any CPU.ActiveCfg = Debug|Any CPU
		{B707C9F1-1846-4009-9A85-C00822AB7018}.Debug|Any CPU.Build.0 = Debug|Any CPU
		{B707C9F1-1846-4009-9A85-C00822AB7018}.Release|Any CPU.ActiveCfg = Release|Any CPU
		{B707C9F1-1846-4009-9A85-C00822AB7018}.Release|Any CPU.Build.0 = Release|Any CPU
	EndGlobalSection
	GlobalSection(SolutionProperties) = preSolution
		HideSolutionNode = FALSE
	EndGlobalSection
EndGlobal
